
Microsoft Visual Studio Solution File, Format Version 12.00
# Visual Studio Version 17
VisualStudioVersion = 17.9.34714.143
MinimumVisualStudioVersion = 10.0.40219.1
Project("{9A19103F-16F7-4668-BE54-9A1E7A4F7556}") = "ConsoleAppEstructuras", "ConsoleAppEstructuras\ConsoleAppEstructuras.csproj", "{CEB304C9-9D0F-4D4F-B0EF-52CBE63F7C80}"
EndProject
Project("{2150E333-8FDC-42A3-9474-1A3956D46DE8}") = "Ejercicio 1", "Ejercicio 1", "{2BBDC2F6-4B32-4112-8DCF-2B80F30D42E5}"
EndProject
Project("{9A19103F-16F7-4668-BE54-9A1E7A4F7556}") = "ConsoleAppEstructuras1", "ConsoleAppEstructuras1\ConsoleAppEstructuras1.csproj", "{99A267EF-F294-48D8-B6DE-3959BA29DFC8}"
EndProject
Project("{2150E333-8FDC-42A3-9474-1A3956D46DE8}") = "Ejercicio 2", "Ejercicio 2", "{51A07F55-5D76-43ED-B2B1-455211134D4C}"
EndProject
Project("{9A19103F-16F7-4668-BE54-9A1E7A4F7556}") = "ConsoleAppLados", "ConsoleAppLados\ConsoleAppLados.csproj", "{4800186E-75D0-478A-B010-615AAD6A3971}"
EndProject
Project("{9A19103F-16F7-4668-BE54-9A1E7A4F7556}") = "ConsoleAppEstructuras2", "ConsoleAppEstructuras2\ConsoleAppEstructuras2.csproj", "{1EF3A7B7-793C-4A45-9C09-1149B0728AAE}"
EndProject
Project("{2150E333-8FDC-42A3-9474-1A3956D46DE8}") = "Ejercicio 3", "Ejercicio 3", "{96D44695-BFDA-4446-A1BB-797C76BF1F8B}"
EndProject
Project("{9A19103F-16F7-4668-BE54-9A1E7A4F7556}") = "ConsoleAppEstructuras3", "ConsoleAppEstructuras3\ConsoleAppEstructuras3.csproj", "{27531F4C-0CE4-4177-B518-6338D90C0FB2}"
EndProject
Project("{9A19103F-16F7-4668-BE54-9A1E7A4F7556}") = "ClassPerimetro", "ClassPerimetro\ClassPerimetro.csproj", "{97EA4161-A5AB-447F-B3A5-65DAD86B752B}"
EndProject
Project("{2150E333-8FDC-42A3-9474-1A3956D46DE8}") = "Ejercicio 4", "Ejercicio 4", "{A9485400-6AF1-4C14-8C32-244C1DB48A6F}"
EndProject
Project("{9A19103F-16F7-4668-BE54-9A1E7A4F7556}") = "ConsoleAppEstructuras4", "ConsoleAppEstructuras4\ConsoleAppEstructuras4.csproj", "{2ADF2343-12D4-4C1F-BB3F-6A182E19094E}"
EndProject
Project("{FAE04EC0-301F-11D3-BF4B-00C04F79EFBC}") = "ClassRectangulo", "ClassRectangulo\ClassRectangulo.csproj", "{128AA473-B771-49B9-B3C7-C9AFB2F897C6}"
EndProject
Global
	GlobalSection(SolutionConfigurationPlatforms) = preSolution
		Debug|Any CPU = Debug|Any CPU
		Release|Any CPU = Release|Any CPU
	EndGlobalSection
	GlobalSection(ProjectConfigurationPlatforms) = postSolution
		{CEB304C9-9D0F-4D4F-B0EF-52CBE63F7C80}.Debug|Any CPU.ActiveCfg = Debug|Any CPU
		{CEB304C9-9D0F-4D4F-B0EF-52CBE63F7C80}.Debug|Any CPU.Build.0 = Debug|Any CPU
		{CEB304C9-9D0F-4D4F-B0EF-52CBE63F7C80}.Release|Any CPU.ActiveCfg = Release|Any CPU
		{CEB304C9-9D0F-4D4F-B0EF-52CBE63F7C80}.Release|Any CPU.Build.0 = Release|Any CPU
		{99A267EF-F294-48D8-B6DE-3959BA29DFC8}.Debug|Any CPU.ActiveCfg = Debug|Any CPU
		{99A267EF-F294-48D8-B6DE-3959BA29DFC8}.Debug|Any CPU.Build.0 = Debug|Any CPU
		{99A267EF-F294-48D8-B6DE-3959BA29DFC8}.Release|Any CPU.ActiveCfg = Release|Any CPU
		{99A267EF-F294-48D8-B6DE-3959BA29DFC8}.Release|Any CPU.Build.0 = Release|Any CPU
		{4800186E-75D0-478A-B010-615AAD6A3971}.Debug|Any CPU.ActiveCfg = Debug|Any CPU
		{4800186E-75D0-478A-B010-615AAD6A3971}.Debug|Any CPU.Build.0 = Debug|Any CPU
		{4800186E-75D0-478A-B010-615AAD6A3971}.Release|Any CPU.ActiveCfg = Release|Any CPU
		{4800186E-75D0-478A-B010-615AAD6A3971}.Release|Any CPU.Build.0 = Release|Any CPU
		{1EF3A7B7-793C-4A45-9C09-1149B0728AAE}.Debug|Any CPU.ActiveCfg = Debug|Any CPU
		{1EF3A7B7-793C-4A45-9C09-1149B0728AAE}.Debug|Any CPU.Build.0 = Debug|Any CPU
		{1EF3A7B7-793C-4A45-9C09-1149B0728AAE}.Release|Any CPU.ActiveCfg = Release|Any CPU
		{1EF3A7B7-793C-4A45-9C09-1149B0728AAE}.Release|Any CPU.Build.0 = Release|Any CPU
		{27531F4C-0CE4-4177-B518-6338D90C0FB2}.Debug|Any CPU.ActiveCfg = Debug|Any CPU
		{27531F4C-0CE4-4177-B518-6338D90C0FB2}.Debug|Any CPU.Build.0 = Debug|Any CPU
		{27531F4C-0CE4-4177-B518-6338D90C0FB2}.Release|Any CPU.ActiveCfg = Release|Any CPU
		{27531F4C-0CE4-4177-B518-6338D90C0FB2}.Release|Any CPU.Build.0 = Release|Any CPU
		{97EA4161-A5AB-447F-B3A5-65DAD86B752B}.Debug|Any CPU.ActiveCfg = Debug|Any CPU
		{97EA4161-A5AB-447F-B3A5-65DAD86B752B}.Debug|Any CPU.Build.0 = Debug|Any CPU
		{97EA4161-A5AB-447F-B3A5-65DAD86B752B}.Release|Any CPU.ActiveCfg = Release|Any CPU
		{97EA4161-A5AB-447F-B3A5-65DAD86B752B}.Release|Any CPU.Build.0 = Release|Any CPU
		{2ADF2343-12D4-4C1F-BB3F-6A182E19094E}.Debug|Any CPU.ActiveCfg = Debug|Any CPU
		{2ADF2343-12D4-4C1F-BB3F-6A182E19094E}.Debug|Any CPU.Build.0 = Debug|Any CPU
		{2ADF2343-12D4-4C1F-BB3F-6A182E19094E}.Release|Any CPU.ActiveCfg = Release|Any CPU
		{2ADF2343-12D4-4C1F-BB3F-6A182E19094E}.Release|Any CPU.Build.0 = Release|Any CPU
		{128AA473-B771-49B9-B3C7-C9AFB2F897C6}.Debug|Any CPU.ActiveCfg = Debug|Any CPU
		{128AA473-B771-49B9-B3C7-C9AFB2F897C6}.Debug|Any CPU.Build.0 = Debug|Any CPU
		{128AA473-B771-49B9-B3C7-C9AFB2F897C6}.Release|Any CPU.ActiveCfg = Release|Any CPU
		{128AA473-B771-49B9-B3C7-C9AFB2F897C6}.Release|Any CPU.Build.0 = Release|Any CPU
	EndGlobalSection
	GlobalSection(SolutionProperties) = preSolution
		HideSolutionNode = FALSE
	EndGlobalSection
	GlobalSection(NestedProjects) = preSolution
		{CEB304C9-9D0F-4D4F-B0EF-52CBE63F7C80} = {2BBDC2F6-4B32-4112-8DCF-2B80F30D42E5}
		{99A267EF-F294-48D8-B6DE-3959BA29DFC8} = {2BBDC2F6-4B32-4112-8DCF-2B80F30D42E5}
		{4800186E-75D0-478A-B010-615AAD6A3971} = {51A07F55-5D76-43ED-B2B1-455211134D4C}
		{1EF3A7B7-793C-4A45-9C09-1149B0728AAE} = {51A07F55-5D76-43ED-B2B1-455211134D4C}
		{27531F4C-0CE4-4177-B518-6338D90C0FB2} = {96D44695-BFDA-4446-A1BB-797C76BF1F8B}
		{97EA4161-A5AB-447F-B3A5-65DAD86B752B} = {96D44695-BFDA-4446-A1BB-797C76BF1F8B}
		{2ADF2343-12D4-4C1F-BB3F-6A182E19094E} = {A9485400-6AF1-4C14-8C32-244C1DB48A6F}
		{128AA473-B771-49B9-B3C7-C9AFB2F897C6} = {A9485400-6AF1-4C14-8C32-244C1DB48A6F}
	EndGlobalSection
	GlobalSection(ExtensibilityGlobals) = postSolution
		SolutionGuid = {0BFB545B-2C7E-4E00-B9E3-684273B28613}
	EndGlobalSection
EndGlobal
